// !$*UTF8*$!
{
	archiveVersion = 1;
	classes = {
	};
	objectVersion = 55;
	objects = {

/* Begin PBXBuildFile section */
		B27600A5278E0B1800221ECA /* AppDelegate.swift in Sources */ = {isa = PBXBuildFile; fileRef = B27600A4278E0B1800221ECA /* AppDelegate.swift */; };
		B27600A7278E0B1800221ECA /* SceneDelegate.swift in Sources */ = {isa = PBXBuildFile; fileRef = B27600A6278E0B1800221ECA /* SceneDelegate.swift */; };
		B27600A9278E0B1800221ECA /* ViewController.swift in Sources */ = {isa = PBXBuildFile; fileRef = B27600A8278E0B1800221ECA /* ViewController.swift */; };
		B27600AE278E0B1A00221ECA /* Assets.xcassets in Resources */ = {isa = PBXBuildFile; fileRef = B27600AD278E0B1A00221ECA /* Assets.xcassets */; };
		B27600B1278E0B1A00221ECA /* LaunchScreen.storyboard in Resources */ = {isa = PBXBuildFile; fileRef = B27600AF278E0B1A00221ECA /* LaunchScreen.storyboard */; };
		B27600C5278E0DE300221ECA /* Pokemon.swift in Sources */ = {isa = PBXBuildFile; fileRef = B27600C4278E0DE300221ECA /* Pokemon.swift */; };
		B27600C8278E15AE00221ECA /* PokemonListViewController.swift in Sources */ = {isa = PBXBuildFile; fileRef = B27600C7278E15AE00221ECA /* PokemonListViewController.swift */; };
		B27600CB278E16B300221ECA /* PokemonListViewModel.swift in Sources */ = {isa = PBXBuildFile; fileRef = B27600CA278E16B300221ECA /* PokemonListViewModel.swift */; };
		B27600CD278E1C3A00221ECA /* PokemonListView.swift in Sources */ = {isa = PBXBuildFile; fileRef = B27600CC278E1C3A00221ECA /* PokemonListView.swift */; };
		B27600CF278E1D3E00221ECA /* PokemonListViewModelProtocol.swift in Sources */ = {isa = PBXBuildFile; fileRef = B27600CE278E1D3E00221ECA /* PokemonListViewModelProtocol.swift */; };
		B27600D2278E3B0300221ECA /* PokemonCell.swift in Sources */ = {isa = PBXBuildFile; fileRef = B27600D1278E3B0300221ECA /* PokemonCell.swift */; };
		B27600D4278E509600221ECA /* ApiResult.swift in Sources */ = {isa = PBXBuildFile; fileRef = B27600D3278E509600221ECA /* ApiResult.swift */; };
		B27600D6278F77AD00221ECA /* APIService.swift in Sources */ = {isa = PBXBuildFile; fileRef = B27600D5278F77AD00221ECA /* APIService.swift */; };
		B27600DE278FB60600221ECA /* PokemonMVVMTests.swift in Sources */ = {isa = PBXBuildFile; fileRef = B27600DD278FB60600221ECA /* PokemonMVVMTests.swift */; };
		B27600E5278FB65100221ECA /* PokemonListViewModelTests.swift in Sources */ = {isa = PBXBuildFile; fileRef = B27600E4278FB65100221ECA /* PokemonListViewModelTests.swift */; };
/* End PBXBuildFile section */

/* Begin PBXContainerItemProxy section */
		B27600DF278FB60600221ECA /* PBXContainerItemProxy */ = {
			isa = PBXContainerItemProxy;
			containerPortal = B2760099278E0B1800221ECA /* Project object */;
			proxyType = 1;
			remoteGlobalIDString = B27600A0278E0B1800221ECA;
			remoteInfo = PokemonMVVM;
		};
/* End PBXContainerItemProxy section */

/* Begin PBXFileReference section */
		B27600A1278E0B1800221ECA /* PokemonMVVM.app */ = {isa = PBXFileReference; explicitFileType = wrapper.application; includeInIndex = 0; path = PokemonMVVM.app; sourceTree = BUILT_PRODUCTS_DIR; };
		B27600A4278E0B1800221ECA /* AppDelegate.swift */ = {isa = PBXFileReference; lastKnownFileType = sourcecode.swift; path = AppDelegate.swift; sourceTree = "<group>"; };
		B27600A6278E0B1800221ECA /* SceneDelegate.swift */ = {isa = PBXFileReference; lastKnownFileType = sourcecode.swift; path = SceneDelegate.swift; sourceTree = "<group>"; };
		B27600A8278E0B1800221ECA /* ViewController.swift */ = {isa = PBXFileReference; lastKnownFileType = sourcecode.swift; path = ViewController.swift; sourceTree = "<group>"; };
		B27600AD278E0B1A00221ECA /* Assets.xcassets */ = {isa = PBXFileReference; lastKnownFileType = folder.assetcatalog; path = Assets.xcassets; sourceTree = "<group>"; };
		B27600B0278E0B1A00221ECA /* Base */ = {isa = PBXFileReference; lastKnownFileType = file.storyboard; name = Base; path = Base.lproj/LaunchScreen.storyboard; sourceTree = "<group>"; };
		B27600B2278E0B1A00221ECA /* Info.plist */ = {isa = PBXFileReference; lastKnownFileType = text.plist.xml; path = Info.plist; sourceTree = "<group>"; };
		B27600C4278E0DE300221ECA /* Pokemon.swift */ = {isa = PBXFileReference; lastKnownFileType = sourcecode.swift; path = Pokemon.swift; sourceTree = "<group>"; };
		B27600C7278E15AE00221ECA /* PokemonListViewController.swift */ = {isa = PBXFileReference; lastKnownFileType = sourcecode.swift; path = PokemonListViewController.swift; sourceTree = "<group>"; };
		B27600CA278E16B300221ECA /* PokemonListViewModel.swift */ = {isa = PBXFileReference; lastKnownFileType = sourcecode.swift; path = PokemonListViewModel.swift; sourceTree = "<group>"; };
		B27600CC278E1C3A00221ECA /* PokemonListView.swift */ = {isa = PBXFileReference; lastKnownFileType = sourcecode.swift; path = PokemonListView.swift; sourceTree = "<group>"; };
		B27600CE278E1D3E00221ECA /* PokemonListViewModelProtocol.swift */ = {isa = PBXFileReference; lastKnownFileType = sourcecode.swift; path = PokemonListViewModelProtocol.swift; sourceTree = "<group>"; };
		B27600D1278E3B0300221ECA /* PokemonCell.swift */ = {isa = PBXFileReference; lastKnownFileType = sourcecode.swift; path = PokemonCell.swift; sourceTree = "<group>"; };
		B27600D3278E509600221ECA /* ApiResult.swift */ = {isa = PBXFileReference; lastKnownFileType = sourcecode.swift; path = ApiResult.swift; sourceTree = "<group>"; };
		B27600D5278F77AD00221ECA /* APIService.swift */ = {isa = PBXFileReference; lastKnownFileType = sourcecode.swift; path = APIService.swift; sourceTree = "<group>"; };
		B27600DB278FB60600221ECA /* PokemonMVVMTests.xctest */ = {isa = PBXFileReference; explicitFileType = wrapper.cfbundle; includeInIndex = 0; path = PokemonMVVMTests.xctest; sourceTree = BUILT_PRODUCTS_DIR; };
		B27600DD278FB60600221ECA /* PokemonMVVMTests.swift */ = {isa = PBXFileReference; lastKnownFileType = sourcecode.swift; path = PokemonMVVMTests.swift; sourceTree = "<group>"; };
		B27600E4278FB65100221ECA /* PokemonListViewModelTests.swift */ = {isa = PBXFileReference; lastKnownFileType = sourcecode.swift; path = PokemonListViewModelTests.swift; sourceTree = "<group>"; };
/* End PBXFileReference section */

/* Begin PBXFrameworksBuildPhase section */
		B276009E278E0B1800221ECA /* Frameworks */ = {
			isa = PBXFrameworksBuildPhase;
			buildActionMask = 2147483647;
			files = (
			);
			runOnlyForDeploymentPostprocessing = 0;
		};
		B27600D8278FB60600221ECA /* Frameworks */ = {
			isa = PBXFrameworksBuildPhase;
			buildActionMask = 2147483647;
			files = (
			);
			runOnlyForDeploymentPostprocessing = 0;
		};
/* End PBXFrameworksBuildPhase section */

/* Begin PBXGroup section */
		B2760098278E0B1800221ECA = {
			isa = PBXGroup;
			children = (
				B27600A3278E0B1800221ECA /* PokemonMVVM */,
				B27600DC278FB60600221ECA /* PokemonMVVMTests */,
				B27600A2278E0B1800221ECA /* Products */,
			);
			sourceTree = "<group>";
		};
		B27600A2278E0B1800221ECA /* Products */ = {
			isa = PBXGroup;
			children = (
				B27600A1278E0B1800221ECA /* PokemonMVVM.app */,
				B27600DB278FB60600221ECA /* PokemonMVVMTests.xctest */,
			);
			name = Products;
			sourceTree = "<group>";
		};
		B27600A3278E0B1800221ECA /* PokemonMVVM */ = {
			isa = PBXGroup;
			children = (
				B27600B8278E0CD800221ECA /* Source */,
				B27600A8278E0B1800221ECA /* ViewController.swift */,
				B27600AD278E0B1A00221ECA /* Assets.xcassets */,
				B27600AF278E0B1A00221ECA /* LaunchScreen.storyboard */,
				B27600B2278E0B1A00221ECA /* Info.plist */,
			);
			path = PokemonMVVM;
			sourceTree = "<group>";
		};
		B27600B8278E0CD800221ECA /* Source */ = {
			isa = PBXGroup;
			children = (
				B27600B9278E0CE000221ECA /* Application */,
			);
			path = Source;
			sourceTree = "<group>";
		};
		B27600B9278E0CE000221ECA /* Application */ = {
			isa = PBXGroup;
			children = (
				B27600C6278E0E0F00221ECA /* Domain */,
				B27600BE278E0D1700221ECA /* Services */,
				B27600BD278E0D0F00221ECA /* Scenes */,
				B27600BC278E0D0300221ECA /* Common */,
				B27600BB278E0CF200221ECA /* SceneDelegate */,
				B27600BA278E0CEA00221ECA /* AppDelegate */,
			);
			path = Application;
			sourceTree = "<group>";
		};
		B27600BA278E0CEA00221ECA /* AppDelegate */ = {
			isa = PBXGroup;
			children = (
				B27600A4278E0B1800221ECA /* AppDelegate.swift */,
			);
			path = AppDelegate;
			sourceTree = "<group>";
		};
		B27600BB278E0CF200221ECA /* SceneDelegate */ = {
			isa = PBXGroup;
			children = (
				B27600A6278E0B1800221ECA /* SceneDelegate.swift */,
			);
			path = SceneDelegate;
			sourceTree = "<group>";
		};
		B27600BC278E0D0300221ECA /* Common */ = {
			isa = PBXGroup;
			children = (
			);
			path = Common;
			sourceTree = "<group>";
		};
		B27600BD278E0D0F00221ECA /* Scenes */ = {
			isa = PBXGroup;
			children = (
				B27600C0278E0D3900221ECA /* PokemonDetail */,
				B27600BF278E0D2600221ECA /* PokemonList */,
			);
			path = Scenes;
			sourceTree = "<group>";
		};
		B27600BE278E0D1700221ECA /* Services */ = {
			isa = PBXGroup;
			children = (
				B27600D5278F77AD00221ECA /* APIService.swift */,
			);
			path = Services;
			sourceTree = "<group>";
		};
		B27600BF278E0D2600221ECA /* PokemonList */ = {
			isa = PBXGroup;
			children = (
				B27600C3278E0D5900221ECA /* ViewModel */,
				B27600C2278E0D4B00221ECA /* View */,
			);
			path = PokemonList;
			sourceTree = "<group>";
		};
		B27600C0278E0D3900221ECA /* PokemonDetail */ = {
			isa = PBXGroup;
			children = (
			);
			path = PokemonDetail;
			sourceTree = "<group>";
		};
		B27600C1278E0D4400221ECA /* Model */ = {
			isa = PBXGroup;
			children = (
				B27600C4278E0DE300221ECA /* Pokemon.swift */,
				B27600D3278E509600221ECA /* ApiResult.swift */,
			);
			path = Model;
			sourceTree = "<group>";
		};
		B27600C2278E0D4B00221ECA /* View */ = {
			isa = PBXGroup;
			children = (
				B27600CC278E1C3A00221ECA /* PokemonListView.swift */,
				B27600C7278E15AE00221ECA /* PokemonListViewController.swift */,
				B27600D0278E3AEC00221ECA /* Cell */,
			);
			path = View;
			sourceTree = "<group>";
		};
		B27600C3278E0D5900221ECA /* ViewModel */ = {
			isa = PBXGroup;
			children = (
				B27600CA278E16B300221ECA /* PokemonListViewModel.swift */,
				B27600CE278E1D3E00221ECA /* PokemonListViewModelProtocol.swift */,
			);
			path = ViewModel;
			sourceTree = "<group>";
		};
		B27600C6278E0E0F00221ECA /* Domain */ = {
			isa = PBXGroup;
			children = (
				B27600C1278E0D4400221ECA /* Model */,
			);
			path = Domain;
			sourceTree = "<group>";
		};
		B27600D0278E3AEC00221ECA /* Cell */ = {
			isa = PBXGroup;
			children = (
				B27600D1278E3B0300221ECA /* PokemonCell.swift */,
			);
			path = Cell;
			sourceTree = "<group>";
		};
		B27600DC278FB60600221ECA /* PokemonMVVMTests */ = {
			isa = PBXGroup;
			children = (
				B27600DD278FB60600221ECA /* PokemonMVVMTests.swift */,
				B27600E4278FB65100221ECA /* PokemonListViewModelTests.swift */,
			);
			path = PokemonMVVMTests;
			sourceTree = "<group>";
		};
/* End PBXGroup section */

/* Begin PBXNativeTarget section */
		B27600A0278E0B1800221ECA /* PokemonMVVM */ = {
			isa = PBXNativeTarget;
			buildConfigurationList = B27600B5278E0B1A00221ECA /* Build configuration list for PBXNativeTarget "PokemonMVVM" */;
			buildPhases = (
				B276009D278E0B1800221ECA /* Sources */,
				B276009E278E0B1800221ECA /* Frameworks */,
				B276009F278E0B1800221ECA /* Resources */,
			);
			buildRules = (
			);
			dependencies = (
			);
			name = PokemonMVVM;
			productName = PokemonMVVM;
			productReference = B27600A1278E0B1800221ECA /* PokemonMVVM.app */;
			productType = "com.apple.product-type.application";
		};
		B27600DA278FB60600221ECA /* PokemonMVVMTests */ = {
			isa = PBXNativeTarget;
			buildConfigurationList = B27600E1278FB60600221ECA /* Build configuration list for PBXNativeTarget "PokemonMVVMTests" */;
			buildPhases = (
				B27600D7278FB60600221ECA /* Sources */,
				B27600D8278FB60600221ECA /* Frameworks */,
				B27600D9278FB60600221ECA /* Resources */,
			);
			buildRules = (
			);
			dependencies = (
				B27600E0278FB60600221ECA /* PBXTargetDependency */,
			);
			name = PokemonMVVMTests;
			productName = PokemonMVVMTests;
			productReference = B27600DB278FB60600221ECA /* PokemonMVVMTests.xctest */;
			productType = "com.apple.product-type.bundle.unit-test";
		};
/* End PBXNativeTarget section */

/* Begin PBXProject section */
		B2760099278E0B1800221ECA /* Project object */ = {
			isa = PBXProject;
			attributes = {
				BuildIndependentTargetsInParallel = 1;
				LastSwiftUpdateCheck = 1320;
				LastUpgradeCheck = 1320;
				TargetAttributes = {
					B27600A0278E0B1800221ECA = {
						CreatedOnToolsVersion = 13.2.1;
					};
					B27600DA278FB60600221ECA = {
						CreatedOnToolsVersion = 13.2.1;
						TestTargetID = B27600A0278E0B1800221ECA;
					};
				};
			};
			buildConfigurationList = B276009C278E0B1800221ECA /* Build configuration list for PBXProject "PokemonMVVM" */;
			compatibilityVersion = "Xcode 13.0";
			developmentRegion = en;
			hasScannedForEncodings = 0;
			knownRegions = (
				en,
				Base,
			);
			mainGroup = B2760098278E0B1800221ECA;
			productRefGroup = B27600A2278E0B1800221ECA /* Products */;
			projectDirPath = "";
			projectRoot = "";
			targets = (
				B27600A0278E0B1800221ECA /* PokemonMVVM */,
				B27600DA278FB60600221ECA /* PokemonMVVMTests */,
			);
		};
/* End PBXProject section */

/* Begin PBXResourcesBuildPhase section */
		B276009F278E0B1800221ECA /* Resources */ = {
			isa = PBXResourcesBuildPhase;
			buildActionMask = 2147483647;
			files = (
				B27600B1278E0B1A00221ECA /* LaunchScreen.storyboard in Resources */,
				B27600AE278E0B1A00221ECA /* Assets.xcassets in Resources */,
			);
			runOnlyForDeploymentPostprocessing = 0;
		};
		B27600D9278FB60600221ECA /* Resources */ = {
			isa = PBXResourcesBuildPhase;
			buildActionMask = 2147483647;
			files = (
			);
			runOnlyForDeploymentPostprocessing = 0;
		};
/* End PBXResourcesBuildPhase section */

/* Begin PBXSourcesBuildPhase section */
		B276009D278E0B1800221ECA /* Sources */ = {
			isa = PBXSourcesBuildPhase;
			buildActionMask = 2147483647;
			files = (
				B27600CF278E1D3E00221ECA /* PokemonListViewModelProtocol.swift in Sources */,
				B27600A9278E0B1800221ECA /* ViewController.swift in Sources */,
				B27600C5278E0DE300221ECA /* Pokemon.swift in Sources */,
				B27600A5278E0B1800221ECA /* AppDelegate.swift in Sources */,
				B27600D6278F77AD00221ECA /* APIService.swift in Sources */,
				B27600C8278E15AE00221ECA /* PokemonListViewController.swift in Sources */,
				B27600D4278E509600221ECA /* ApiResult.swift in Sources */,
				B27600CB278E16B300221ECA /* PokemonListViewModel.swift in Sources */,
				B27600CD278E1C3A00221ECA /* PokemonListView.swift in Sources */,
				B27600A7278E0B1800221ECA /* SceneDelegate.swift in Sources */,
				B27600D2278E3B0300221ECA /* PokemonCell.swift in Sources */,
			);
			runOnlyForDeploymentPostprocessing = 0;
		};
		B27600D7278FB60600221ECA /* Sources */ = {
			isa = PBXSourcesBuildPhase;
			buildActionMask = 2147483647;
			files = (
				B27600E5278FB65100221ECA /* PokemonListViewModelTests.swift in Sources */,
				B27600DE278FB60600221ECA /* PokemonMVVMTests.swift in Sources */,
			);
			runOnlyForDeploymentPostprocessing = 0;
		};
/* End PBXSourcesBuildPhase section */

/* Begin PBXTargetDependency section */
		B27600E0278FB60600221ECA /* PBXTargetDependency */ = {
			isa = PBXTargetDependency;
			target = B27600A0278E0B1800221ECA /* PokemonMVVM */;
			targetProxy = B27600DF278FB60600221ECA /* PBXContainerItemProxy */;
		};
/* End PBXTargetDependency section */

/* Begin PBXVariantGroup section */
		B27600AF278E0B1A00221ECA /* LaunchScreen.storyboard */ = {
			isa = PBXVariantGroup;
			children = (
				B27600B0278E0B1A00221ECA /* Base */,
			);
			name = LaunchScreen.storyboard;
			sourceTree = "<group>";
		};
/* End PBXVariantGroup section */

/* Begin XCBuildConfiguration section */
		B27600B3278E0B1A00221ECA /* Debug */ = {
			isa = XCBuildConfiguration;
			buildSettings = {
				ALWAYS_SEARCH_USER_PATHS = NO;
				CLANG_ANALYZER_NONNULL = YES;
				CLANG_ANALYZER_NUMBER_OBJECT_CONVERSION = YES_AGGRESSIVE;
				CLANG_CXX_LANGUAGE_STANDARD = "gnu++17";
				CLANG_CXX_LIBRARY = "libc++";
				CLANG_ENABLE_MODULES = YES;
				CLANG_ENABLE_OBJC_ARC = YES;
				CLANG_ENABLE_OBJC_WEAK = YES;
				CLANG_WARN_BLOCK_CAPTURE_AUTORELEASING = YES;
				CLANG_WARN_BOOL_CONVERSION = YES;
				CLANG_WARN_COMMA = YES;
				CLANG_WARN_CONSTANT_CONVERSION = YES;
				CLANG_WARN_DEPRECATED_OBJC_IMPLEMENTATIONS = YES;
				CLANG_WARN_DIRECT_OBJC_ISA_USAGE = YES_ERROR;
				CLANG_WARN_DOCUMENTATION_COMMENTS = YES;
				CLANG_WARN_EMPTY_BODY = YES;
				CLANG_WARN_ENUM_CONVERSION = YES;
				CLANG_WARN_INFINITE_RECURSION = YES;
				CLANG_WARN_INT_CONVERSION = YES;
				CLANG_WARN_NON_LITERAL_NULL_CONVERSION = YES;
				CLANG_WARN_OBJC_IMPLICIT_RETAIN_SELF = YES;
				CLANG_WARN_OBJC_LITERAL_CONVERSION = YES;
				CLANG_WARN_OBJC_ROOT_CLASS = YES_ERROR;
				CLANG_WARN_QUOTED_INCLUDE_IN_FRAMEWORK_HEADER = YES;
				CLANG_WARN_RANGE_LOOP_ANALYSIS = YES;
				CLANG_WARN_STRICT_PROTOTYPES = YES;
				CLANG_WARN_SUSPICIOUS_MOVE = YES;
				CLANG_WARN_UNGUARDED_AVAILABILITY = YES_AGGRESSIVE;
				CLANG_WARN_UNREACHABLE_CODE = YES;
				CLANG_WARN__DUPLICATE_METHOD_MATCH = YES;
				COPY_PHASE_STRIP = NO;
				DEBUG_INFORMATION_FORMAT = dwarf;
				ENABLE_STRICT_OBJC_MSGSEND = YES;
				ENABLE_TESTABILITY = YES;
				GCC_C_LANGUAGE_STANDARD = gnu11;
				GCC_DYNAMIC_NO_PIC = NO;
				GCC_NO_COMMON_BLOCKS = YES;
				GCC_OPTIMIZATION_LEVEL = 0;
				GCC_PREPROCESSOR_DEFINITIONS = (
					"DEBUG=1",
					"$(inherited)",
				);
				GCC_WARN_64_TO_32_BIT_CONVERSION = YES;
				GCC_WARN_ABOUT_RETURN_TYPE = YES_ERROR;
				GCC_WARN_UNDECLARED_SELECTOR = YES;
				GCC_WARN_UNINITIALIZED_AUTOS = YES_AGGRESSIVE;
				GCC_WARN_UNUSED_FUNCTION = YES;
				GCC_WARN_UNUSED_VARIABLE = YES;
				IPHONEOS_DEPLOYMENT_TARGET = 15.2;
				MTL_ENABLE_DEBUG_INFO = INCLUDE_SOURCE;
				MTL_FAST_MATH = YES;
				ONLY_ACTIVE_ARCH = YES;
				SDKROOT = iphoneos;
				SWIFT_ACTIVE_COMPILATION_CONDITIONS = DEBUG;
				SWIFT_OPTIMIZATION_LEVEL = "-Onone";
			};
			name = Debug;
		};
		B27600B4278E0B1A00221ECA /* Release */ = {
			isa = XCBuildConfiguration;
			buildSettings = {
				ALWAYS_SEARCH_USER_PATHS = NO;
				CLANG_ANALYZER_NONNULL = YES;
				CLANG_ANALYZER_NUMBER_OBJECT_CONVERSION = YES_AGGRESSIVE;
				CLANG_CXX_LANGUAGE_STANDARD = "gnu++17";
				CLANG_CXX_LIBRARY = "libc++";
				CLANG_ENABLE_MODULES = YES;
				CLANG_ENABLE_OBJC_ARC = YES;
				CLANG_ENABLE_OBJC_WEAK = YES;
				CLANG_WARN_BLOCK_CAPTURE_AUTORELEASING = YES;
				CLANG_WARN_BOOL_CONVERSION = YES;
				CLANG_WARN_COMMA = YES;
				CLANG_WARN_CONSTANT_CONVERSION = YES;
				CLANG_WARN_DEPRECATED_OBJC_IMPLEMENTATIONS = YES;
				CLANG_WARN_DIRECT_OBJC_ISA_USAGE = YES_ERROR;
				CLANG_WARN_DOCUMENTATION_COMMENTS = YES;
				CLANG_WARN_EMPTY_BODY = YES;
				CLANG_WARN_ENUM_CONVERSION = YES;
				CLANG_WARN_INFINITE_RECURSION = YES;
				CLANG_WARN_INT_CONVERSION = YES;
				CLANG_WARN_NON_LITERAL_NULL_CONVERSION = YES;
				CLANG_WARN_OBJC_IMPLICIT_RETAIN_SELF = YES;
				CLANG_WARN_OBJC_LITERAL_CONVERSION = YES;
				CLANG_WARN_OBJC_ROOT_CLASS = YES_ERROR;
				CLANG_WARN_QUOTED_INCLUDE_IN_FRAMEWORK_HEADER = YES;
				CLANG_WARN_RANGE_LOOP_ANALYSIS = YES;
				CLANG_WARN_STRICT_PROTOTYPES = YES;
				CLANG_WARN_SUSPICIOUS_MOVE = YES;
				CLANG_WARN_UNGUARDED_AVAILABILITY = YES_AGGRESSIVE;
				CLANG_WARN_UNREACHABLE_CODE = YES;
				CLANG_WARN__DUPLICATE_METHOD_MATCH = YES;
				COPY_PHASE_STRIP = NO;
				DEBUG_INFORMATION_FORMAT = "dwarf-with-dsym";
				ENABLE_NS_ASSERTIONS = NO;
				ENABLE_STRICT_OBJC_MSGSEND = YES;
				GCC_C_LANGUAGE_STANDARD = gnu11;
				GCC_NO_COMMON_BLOCKS = YES;
				GCC_WARN_64_TO_32_BIT_CONVERSION = YES;
				GCC_WARN_ABOUT_RETURN_TYPE = YES_ERROR;
				GCC_WARN_UNDECLARED_SELECTOR = YES;
				GCC_WARN_UNINITIALIZED_AUTOS = YES_AGGRESSIVE;
				GCC_WARN_UNUSED_FUNCTION = YES;
				GCC_WARN_UNUSED_VARIABLE = YES;
				IPHONEOS_DEPLOYMENT_TARGET = 15.2;
				MTL_ENABLE_DEBUG_INFO = NO;
				MTL_FAST_MATH = YES;
				SDKROOT = iphoneos;
				SWIFT_COMPILATION_MODE = wholemodule;
				SWIFT_OPTIMIZATION_LEVEL = "-O";
				VALIDATE_PRODUCT = YES;
			};
			name = Release;
		};
		B27600B6278E0B1A00221ECA /* Debug */ = {
			isa = XCBuildConfiguration;
			buildSettings = {
				ASSETCATALOG_COMPILER_APPICON_NAME = AppIcon;
				ASSETCATALOG_COMPILER_GLOBAL_ACCENT_COLOR_NAME = AccentColor;
				CODE_SIGN_STYLE = Automatic;
				CURRENT_PROJECT_VERSION = 1;
				DEVELOPMENT_TEAM = AZA2LHKU7Z;
				GENERATE_INFOPLIST_FILE = YES;
				INFOPLIST_FILE = PokemonMVVM/Info.plist;
				INFOPLIST_KEY_UIApplicationSupportsIndirectInputEvents = YES;
				INFOPLIST_KEY_UILaunchStoryboardName = LaunchScreen;
				INFOPLIST_KEY_UISupportedInterfaceOrientations_iPad = "UIInterfaceOrientationPortrait UIInterfaceOrientationPortraitUpsideDown UIInterfaceOrientationLandscapeLeft UIInterfaceOrientationLandscapeRight";
				INFOPLIST_KEY_UISupportedInterfaceOrientations_iPhone = "UIInterfaceOrientationPortrait UIInterfaceOrientationLandscapeLeft UIInterfaceOrientationLandscapeRight";
				LD_RUNPATH_SEARCH_PATHS = (
					"$(inherited)",
					"@executable_path/Frameworks",
				);
				MARKETING_VERSION = 1.0;
				PRODUCT_BUNDLE_IDENTIFIER = br.com.guilermebarciki.PokemonMVVM;
				PRODUCT_NAME = "$(TARGET_NAME)";
				SWIFT_EMIT_LOC_STRINGS = YES;
				SWIFT_VERSION = 5.0;
				TARGETED_DEVICE_FAMILY = "1,2";
			};
			name = Debug;
		};
		B27600B7278E0B1A00221ECA /* Release */ = {
			isa = XCBuildConfiguration;
			buildSettings = {
				ASSETCATALOG_COMPILER_APPICON_NAME = AppIcon;
				ASSETCATALOG_COMPILER_GLOBAL_ACCENT_COLOR_NAME = AccentColor;
				CODE_SIGN_STYLE = Automatic;
				CURRENT_PROJECT_VERSION = 1;
				DEVELOPMENT_TEAM = AZA2LHKU7Z;
				GENERATE_INFOPLIST_FILE = YES;
				INFOPLIST_FILE = PokemonMVVM/Info.plist;
				INFOPLIST_KEY_UIApplicationSupportsIndirectInputEvents = YES;
				INFOPLIST_KEY_UILaunchStoryboardName = LaunchScreen;
				INFOPLIST_KEY_UISupportedInterfaceOrientations_iPad = "UIInterfaceOrientationPortrait UIInterfaceOrientationPortraitUpsideDown UIInterfaceOrientationLandscapeLeft UIInterfaceOrientationLandscapeRight";
				INFOPLIST_KEY_UISupportedInterfaceOrientations_iPhone = "UIInterfaceOrientationPortrait UIInterfaceOrientationLandscapeLeft UIInterfaceOrientationLandscapeRight";
				LD_RUNPATH_SEARCH_PATHS = (
					"$(inherited)",
					"@executable_path/Frameworks",
				);
				MARKETING_VERSION = 1.0;
				PRODUCT_BUNDLE_IDENTIFIER = br.com.guilermebarciki.PokemonMVVM;
				PRODUCT_NAME = "$(TARGET_NAME)";
				SWIFT_EMIT_LOC_STRINGS = YES;
				SWIFT_VERSION = 5.0;
				TARGETED_DEVICE_FAMILY = "1,2";
			};
			name = Release;
		};
		B27600E2278FB60600221ECA /* Debug */ = {
			isa = XCBuildConfiguration;
			buildSettings = {
				BUNDLE_LOADER = "$(TEST_HOST)";
				CODE_SIGN_STYLE = Automatic;
				CURRENT_PROJECT_VERSION = 1;
				DEVELOPMENT_TEAM = AZA2LHKU7Z;
				GENERATE_INFOPLIST_FILE = YES;
				MARKETING_VERSION = 1.0;
				PRODUCT_BUNDLE_IDENTIFIER = br.com.guilermebarciki.PokemonMVVMTests;
				PRODUCT_NAME = "$(TARGET_NAME)";
				SWIFT_EMIT_LOC_STRINGS = NO;
				SWIFT_VERSION = 5.0;
				TARGETED_DEVICE_FAMILY = "1,2";
				TEST_HOST = "$(BUILT_PRODUCTS_DIR)/PokemonMVVM.app/PokemonMVVM";
			};
			name = Debug;
		};
		B27600E3278FB60600221ECA /* Release */ = {
			isa = XCBuildConfiguration;
			buildSettings = {
				BUNDLE_LOADER = "$(TEST_HOST)";
				CODE_SIGN_STYLE = Automatic;
				CURRENT_PROJECT_VERSION = 1;
				DEVELOPMENT_TEAM = AZA2LHKU7Z;
				GENERATE_INFOPLIST_FILE = YES;
				MARKETING_VERSION = 1.0;
				PRODUCT_BUNDLE_IDENTIFIER = br.com.guilermebarciki.PokemonMVVMTests;
				PRODUCT_NAME = "$(TARGET_NAME)";
				SWIFT_EMIT_LOC_STRINGS = NO;
				SWIFT_VERSION = 5.0;
				TARGETED_DEVICE_FAMILY = "1,2";
				TEST_HOST = "$(BUILT_PRODUCTS_DIR)/PokemonMVVM.app/PokemonMVVM";
			};
			name = Release;
		};
/* End XCBuildConfiguration section */

/* Begin XCConfigurationList section */
		B276009C278E0B1800221ECA /* Build configuration list for PBXProject "PokemonMVVM" */ = {
			isa = XCConfigurationList;
			buildConfigurations = (
				B27600B3278E0B1A00221ECA /* Debug */,
				B27600B4278E0B1A00221ECA /* Release */,
			);
			defaultConfigurationIsVisible = 0;
			defaultConfigurationName = Release;
		};
		B27600B5278E0B1A00221ECA /* Build configuration list for PBXNativeTarget "PokemonMVVM" */ = {
			isa = XCConfigurationList;
			buildConfigurations = (
				B27600B6278E0B1A00221ECA /* Debug */,
				B27600B7278E0B1A00221ECA /* Release */,
			);
			defaultConfigurationIsVisible = 0;
			defaultConfigurationName = Release;
		};
		B27600E1278FB60600221ECA /* Build configuration list for PBXNativeTarget "PokemonMVVMTests" */ = {
			isa = XCConfigurationList;
			buildConfigurations = (
				B27600E2278FB60600221ECA /* Debug */,
				B27600E3278FB60600221ECA /* Release */,
			);
			defaultConfigurationIsVisible = 0;
			defaultConfigurationName = Release;
		};
/* End XCConfigurationList section */
	};
	rootObject = B2760099278E0B1800221ECA /* Project object */;
}
